// !$*UTF8*$!
{
	archiveVersion = 1;
	classes = {
	};
	objectVersion = 48;
	objects = {

/* Begin PBXBuildFile section */
		76772BC0D19B2EEE0BDA12B1 /* libPods-FocusTime.a in Frameworks */ = {isa = PBXBuildFile; fileRef = 9C0F1A7D5B15DF72E5B6CE0C /* libPods-FocusTime.a */; };
		CF02D3EC208DD85400A67604 /* SYDUserDefaultsTools.m in Sources */ = {isa = PBXBuildFile; fileRef = CF02D3EB208DD85400A67604 /* SYDUserDefaultsTools.m */; };
		CF02D3EF208E0E5100A67604 /* MeViewController.m in Sources */ = {isa = PBXBuildFile; fileRef = CF02D3EE208E0E5100A67604 /* MeViewController.m */; };
		CF02D3F1208E0E5C00A67604 /* MeViewController.storyboard in Resources */ = {isa = PBXBuildFile; fileRef = CF02D3F0208E0E5C00A67604 /* MeViewController.storyboard */; };
		CF02D3F5208E166100A67604 /* SYDStatisticController.m in Sources */ = {isa = PBXBuildFile; fileRef = CF02D3F3208E166100A67604 /* SYDStatisticController.m */; };
		CF02D3F6208E166100A67604 /* SYDStatisticController.xib in Resources */ = {isa = PBXBuildFile; fileRef = CF02D3F4208E166100A67604 /* SYDStatisticController.xib */; };
		CF32F64020AD651500A3B938 /* SYDChangeThemeController.m in Sources */ = {isa = PBXBuildFile; fileRef = CF32F63F20AD651500A3B938 /* SYDChangeThemeController.m */; };
		CF32F64420AD668000A3B938 /* SYDThemeCell.m in Sources */ = {isa = PBXBuildFile; fileRef = CF32F64220AD668000A3B938 /* SYDThemeCell.m */; };
		CF32F64520AD668000A3B938 /* SYDThemeCell.xib in Resources */ = {isa = PBXBuildFile; fileRef = CF32F64320AD668000A3B938 /* SYDThemeCell.xib */; };
		CF60626220AC2C5C00D6AF06 /* SYDHistoryStatisticViewController.m in Sources */ = {isa = PBXBuildFile; fileRef = CF60626120AC2C5C00D6AF06 /* SYDHistoryStatisticViewController.m */; };
		CF6859C12070EFCF005DE0B5 /* CircleAnimation.h in Sources */ = {isa = PBXBuildFile; fileRef = CF951773206B360100CE221D /* CircleAnimation.h */; };
		CF951775206B360100CE221D /* CircleAnimation.m in Sources */ = {isa = PBXBuildFile; fileRef = CF951774206B360100CE221D /* CircleAnimation.m */; };
		CF95177A206BCA6E00CE221D /* SYDNotification.m in Sources */ = {isa = PBXBuildFile; fileRef = CF951779206BCA6E00CE221D /* SYDNotification.m */; };
		CF9CC4E720AB1F9C007D3F37 /* SYDTimeFormatter.m in Sources */ = {isa = PBXBuildFile; fileRef = CF9CC4E620AB1F9C007D3F37 /* SYDTimeFormatter.m */; };
		CFA19A9D2066974B005883F5 /* SYDSettingViewController.m in Sources */ = {isa = PBXBuildFile; fileRef = CFA19A9C2066974B005883F5 /* SYDSettingViewController.m */; };
		CFA19A9F20669A03005883F5 /* SYDSettingViewController.storyboard in Resources */ = {isa = PBXBuildFile; fileRef = CFA19A9E20669A03005883F5 /* SYDSettingViewController.storyboard */; };
		CFB3B51D205B9B2D00372E78 /* SYDCircleView.h in Sources */ = {isa = PBXBuildFile; fileRef = CFEB05BA205A52650078A2E9 /* SYDCircleView.h */; };
		CFB3B520205B9D9700372E78 /* SYDTimeCountDownView.m in Sources */ = {isa = PBXBuildFile; fileRef = CFB3B51F205B9D9700372E78 /* SYDTimeCountDownView.m */; };
		CFB3B522205BA19F00372E78 /* DefaultThin.otf in Resources */ = {isa = PBXBuildFile; fileRef = CFB3B521205B9E2900372E78 /* DefaultThin.otf */; };
		CFC36CEE20774C06008BF97F /* Assets.xcassets in Resources */ = {isa = PBXBuildFile; fileRef = CFC36CED20774C06008BF97F /* Assets.xcassets */; };
		CFCBE63C2059624A00714D2B /* Main.storyboard in Resources */ = {isa = PBXBuildFile; fileRef = CFCBE63A2059624A00714D2B /* Main.storyboard */; };
		CFCBE6412059624A00714D2B /* LaunchScreen.storyboard in Resources */ = {isa = PBXBuildFile; fileRef = CFCBE63F2059624A00714D2B /* LaunchScreen.storyboard */; };
		CFCBE64E2059624A00714D2B /* FocusTimeTests.m in Sources */ = {isa = PBXBuildFile; fileRef = CFCBE64D2059624A00714D2B /* FocusTimeTests.m */; };
		CFCBE6592059624A00714D2B /* FocusTimeUITests.m in Sources */ = {isa = PBXBuildFile; fileRef = CFCBE6582059624A00714D2B /* FocusTimeUITests.m */; };
		CFCBE683205963D800714D2B /* AppDelegate.m in Sources */ = {isa = PBXBuildFile; fileRef = CFCBE67E205963D800714D2B /* AppDelegate.m */; };
		CFCBE687205965D600714D2B /* SYDMainController.m in Sources */ = {isa = PBXBuildFile; fileRef = CFCBE686205965D600714D2B /* SYDMainController.m */; };
		CFCBE68B205966BC00714D2B /* SYDConst.m in Sources */ = {isa = PBXBuildFile; fileRef = CFCBE68A205966BC00714D2B /* SYDConst.m */; };
		CFCBE6912059673F00714D2B /* UIView+SYDFrame.m in Sources */ = {isa = PBXBuildFile; fileRef = CFCBE6902059673F00714D2B /* UIView+SYDFrame.m */; };
		CFCBE694205969C800714D2B /* Info.plist in Resources */ = {isa = PBXBuildFile; fileRef = CFCBE692205969C800714D2B /* Info.plist */; };
		CFCBE695205969C800714D2B /* main.m in Sources */ = {isa = PBXBuildFile; fileRef = CFCBE693205969C800714D2B /* main.m */; };
		CFDEBF862063A1C300624CD5 /* CountDownlabel.m in Sources */ = {isa = PBXBuildFile; fileRef = CFDEBF852063A1C300624CD5 /* CountDownlabel.m */; };
		CFEB05B9205A18CE0078A2E9 /* SYDButton.m in Sources */ = {isa = PBXBuildFile; fileRef = CFEB05B8205A18CE0078A2E9 /* SYDButton.m */; };
		CFEB05BC205A52650078A2E9 /* SYDCircleView.m in Sources */ = {isa = PBXBuildFile; fileRef = CFEB05BB205A52650078A2E9 /* SYDCircleView.m */; };
		CFEB837020A3F4CB0055ED2E /* SYDStatisticCell.m in Sources */ = {isa = PBXBuildFile; fileRef = CFEB836E20A3F4CB0055ED2E /* SYDStatisticCell.m */; };
		CFEB837120A3F4CB0055ED2E /* SYDStatisticCell.xib in Resources */ = {isa = PBXBuildFile; fileRef = CFEB836F20A3F4CB0055ED2E /* SYDStatisticCell.xib */; };
		CFEB837420A40A480055ED2E /* SYDFocusModel.m in Sources */ = {isa = PBXBuildFile; fileRef = CFEB837320A40A480055ED2E /* SYDFocusModel.m */; };
/* End PBXBuildFile section */

/* Begin PBXContainerItemProxy section */
		CFCBE64A2059624A00714D2B /* PBXContainerItemProxy */ = {
			isa = PBXContainerItemProxy;
			containerPortal = CFCBE6292059624A00714D2B /* Project object */;
			proxyType = 1;
			remoteGlobalIDString = CFCBE6302059624A00714D2B;
			remoteInfo = FocusTime;
		};
		CFCBE6552059624A00714D2B /* PBXContainerItemProxy */ = {
			isa = PBXContainerItemProxy;
			containerPortal = CFCBE6292059624A00714D2B /* Project object */;
			proxyType = 1;
			remoteGlobalIDString = CFCBE6302059624A00714D2B;
			remoteInfo = FocusTime;
		};
/* End PBXContainerItemProxy section */

/* Begin PBXFileReference section */
		94D083B9CF109955F2F3ABCA /* Pods-FocusTime.debug.xcconfig */ = {isa = PBXFileReference; includeInIndex = 1; lastKnownFileType = text.xcconfig; name = "Pods-FocusTime.debug.xcconfig"; path = "Pods/Target Support Files/Pods-FocusTime/Pods-FocusTime.debug.xcconfig"; sourceTree = "<group>"; };
		9C0F1A7D5B15DF72E5B6CE0C /* libPods-FocusTime.a */ = {isa = PBXFileReference; explicitFileType = archive.ar; includeInIndex = 0; path = "libPods-FocusTime.a"; sourceTree = BUILT_PRODUCTS_DIR; };
		C3CE238BB2172C278D20E087 /* Pods-FocusTime.release.xcconfig */ = {isa = PBXFileReference; includeInIndex = 1; lastKnownFileType = text.xcconfig; name = "Pods-FocusTime.release.xcconfig"; path = "Pods/Target Support Files/Pods-FocusTime/Pods-FocusTime.release.xcconfig"; sourceTree = "<group>"; };
		CF02D3EA208DD85400A67604 /* SYDUserDefaultsTools.h */ = {isa = PBXFileReference; lastKnownFileType = sourcecode.c.h; path = SYDUserDefaultsTools.h; sourceTree = "<group>"; };
		CF02D3EB208DD85400A67604 /* SYDUserDefaultsTools.m */ = {isa = PBXFileReference; lastKnownFileType = sourcecode.c.objc; path = SYDUserDefaultsTools.m; sourceTree = "<group>"; };
		CF02D3ED208E0E5100A67604 /* MeViewController.h */ = {isa = PBXFileReference; lastKnownFileType = sourcecode.c.h; path = MeViewController.h; sourceTree = "<group>"; };
		CF02D3EE208E0E5100A67604 /* MeViewController.m */ = {isa = PBXFileReference; lastKnownFileType = sourcecode.c.objc; path = MeViewController.m; sourceTree = "<group>"; };
		CF02D3F0208E0E5C00A67604 /* MeViewController.storyboard */ = {isa = PBXFileReference; lastKnownFileType = file.storyboard; path = MeViewController.storyboard; sourceTree = "<group>"; };
		CF02D3F2208E166100A67604 /* SYDStatisticController.h */ = {isa = PBXFileReference; lastKnownFileType = sourcecode.c.h; path = SYDStatisticController.h; sourceTree = "<group>"; };
		CF02D3F3208E166100A67604 /* SYDStatisticController.m */ = {isa = PBXFileReference; lastKnownFileType = sourcecode.c.objc; path = SYDStatisticController.m; sourceTree = "<group>"; };
		CF02D3F4208E166100A67604 /* SYDStatisticController.xib */ = {isa = PBXFileReference; lastKnownFileType = file.xib; path = SYDStatisticController.xib; sourceTree = "<group>"; };
		CF32F63E20AD651500A3B938 /* SYDChangeThemeController.h */ = {isa = PBXFileReference; lastKnownFileType = sourcecode.c.h; path = SYDChangeThemeController.h; sourceTree = "<group>"; };
		CF32F63F20AD651500A3B938 /* SYDChangeThemeController.m */ = {isa = PBXFileReference; lastKnownFileType = sourcecode.c.objc; path = SYDChangeThemeController.m; sourceTree = "<group>"; };
		CF32F64120AD668000A3B938 /* SYDThemeCell.h */ = {isa = PBXFileReference; lastKnownFileType = sourcecode.c.h; path = SYDThemeCell.h; sourceTree = "<group>"; };
		CF32F64220AD668000A3B938 /* SYDThemeCell.m */ = {isa = PBXFileReference; lastKnownFileType = sourcecode.c.objc; path = SYDThemeCell.m; sourceTree = "<group>"; };
		CF32F64320AD668000A3B938 /* SYDThemeCell.xib */ = {isa = PBXFileReference; lastKnownFileType = file.xib; path = SYDThemeCell.xib; sourceTree = "<group>"; };
		CF60626020AC2C5C00D6AF06 /* SYDHistoryStatisticViewController.h */ = {isa = PBXFileReference; lastKnownFileType = sourcecode.c.h; path = SYDHistoryStatisticViewController.h; sourceTree = "<group>"; };
		CF60626120AC2C5C00D6AF06 /* SYDHistoryStatisticViewController.m */ = {isa = PBXFileReference; lastKnownFileType = sourcecode.c.objc; path = SYDHistoryStatisticViewController.m; sourceTree = "<group>"; };
		CF951773206B360100CE221D /* CircleAnimation.h */ = {isa = PBXFileReference; lastKnownFileType = sourcecode.c.h; path = CircleAnimation.h; sourceTree = "<group>"; };
		CF951774206B360100CE221D /* CircleAnimation.m */ = {isa = PBXFileReference; lastKnownFileType = sourcecode.c.objc; path = CircleAnimation.m; sourceTree = "<group>"; };
		CF951778206BCA6E00CE221D /* SYDNotification.h */ = {isa = PBXFileReference; lastKnownFileType = sourcecode.c.h; path = SYDNotification.h; sourceTree = "<group>"; };
		CF951779206BCA6E00CE221D /* SYDNotification.m */ = {isa = PBXFileReference; lastKnownFileType = sourcecode.c.objc; path = SYDNotification.m; sourceTree = "<group>"; };
		CF9CC4E520AB1F9C007D3F37 /* SYDTimeFormatter.h */ = {isa = PBXFileReference; lastKnownFileType = sourcecode.c.h; path = SYDTimeFormatter.h; sourceTree = "<group>"; };
		CF9CC4E620AB1F9C007D3F37 /* SYDTimeFormatter.m */ = {isa = PBXFileReference; lastKnownFileType = sourcecode.c.objc; path = SYDTimeFormatter.m; sourceTree = "<group>"; };
		CFA19A9B2066974B005883F5 /* SYDSettingViewController.h */ = {isa = PBXFileReference; lastKnownFileType = sourcecode.c.h; path = SYDSettingViewController.h; sourceTree = "<group>"; };
		CFA19A9C2066974B005883F5 /* SYDSettingViewController.m */ = {isa = PBXFileReference; lastKnownFileType = sourcecode.c.objc; path = SYDSettingViewController.m; sourceTree = "<group>"; };
		CFA19A9E20669A03005883F5 /* SYDSettingViewController.storyboard */ = {isa = PBXFileReference; lastKnownFileType = file.storyboard; path = SYDSettingViewController.storyboard; sourceTree = "<group>"; };
		CFB3B51E205B9D9700372E78 /* SYDTimeCountDownView.h */ = {isa = PBXFileReference; lastKnownFileType = sourcecode.c.h; path = SYDTimeCountDownView.h; sourceTree = "<group>"; };
		CFB3B51F205B9D9700372E78 /* SYDTimeCountDownView.m */ = {isa = PBXFileReference; lastKnownFileType = sourcecode.c.objc; path = SYDTimeCountDownView.m; sourceTree = "<group>"; };
		CFB3B521205B9E2900372E78 /* DefaultThin.otf */ = {isa = PBXFileReference; lastKnownFileType = file; path = DefaultThin.otf; sourceTree = "<group>"; };
		CFC36CED20774C06008BF97F /* Assets.xcassets */ = {isa = PBXFileReference; lastKnownFileType = folder.assetcatalog; path = Assets.xcassets; sourceTree = "<group>"; };
		CFCBE6312059624A00714D2B /* FocusTime.app */ = {isa = PBXFileReference; explicitFileType = wrapper.application; includeInIndex = 0; path = FocusTime.app; sourceTree = BUILT_PRODUCTS_DIR; };
		CFCBE63B2059624A00714D2B /* Base */ = {isa = PBXFileReference; lastKnownFileType = file.storyboard; name = Base; path = Base.lproj/Main.storyboard; sourceTree = "<group>"; };
		CFCBE6402059624A00714D2B /* Base */ = {isa = PBXFileReference; lastKnownFileType = file.storyboard; name = Base; path = Base.lproj/LaunchScreen.storyboard; sourceTree = "<group>"; };
		CFCBE6492059624A00714D2B /* FocusTimeTests.xctest */ = {isa = PBXFileReference; explicitFileType = wrapper.cfbundle; includeInIndex = 0; path = FocusTimeTests.xctest; sourceTree = BUILT_PRODUCTS_DIR; };
		CFCBE64D2059624A00714D2B /* FocusTimeTests.m */ = {isa = PBXFileReference; lastKnownFileType = sourcecode.c.objc; path = FocusTimeTests.m; sourceTree = "<group>"; };
		CFCBE64F2059624A00714D2B /* Info.plist */ = {isa = PBXFileReference; lastKnownFileType = text.plist.xml; path = Info.plist; sourceTree = "<group>"; };
		CFCBE6542059624A00714D2B /* FocusTimeUITests.xctest */ = {isa = PBXFileReference; explicitFileType = wrapper.cfbundle; includeInIndex = 0; path = FocusTimeUITests.xctest; sourceTree = BUILT_PRODUCTS_DIR; };
		CFCBE6582059624A00714D2B /* FocusTimeUITests.m */ = {isa = PBXFileReference; lastKnownFileType = sourcecode.c.objc; path = FocusTimeUITests.m; sourceTree = "<group>"; };
		CFCBE65A2059624A00714D2B /* Info.plist */ = {isa = PBXFileReference; lastKnownFileType = text.plist.xml; path = Info.plist; sourceTree = "<group>"; };
		CFCBE669205963D800714D2B /* SingleTools.h */ = {isa = PBXFileReference; fileEncoding = 4; lastKnownFileType = sourcecode.c.h; path = SingleTools.h; sourceTree = "<group>"; };
		CFCBE67C205963D800714D2B /* AppDelegate.h */ = {isa = PBXFileReference; fileEncoding = 4; lastKnownFileType = sourcecode.c.h; path = AppDelegate.h; sourceTree = "<group>"; };
		CFCBE67E205963D800714D2B /* AppDelegate.m */ = {isa = PBXFileReference; fileEncoding = 4; lastKnownFileType = sourcecode.c.objc; path = AppDelegate.m; sourceTree = "<group>"; };
		CFCBE685205965D600714D2B /* SYDMainController.h */ = {isa = PBXFileReference; lastKnownFileType = sourcecode.c.h; path = SYDMainController.h; sourceTree = "<group>"; };
		CFCBE686205965D600714D2B /* SYDMainController.m */ = {isa = PBXFileReference; lastKnownFileType = sourcecode.c.objc; path = SYDMainController.m; sourceTree = "<group>"; };
		CFCBE689205966BC00714D2B /* SYDConst.h */ = {isa = PBXFileReference; lastKnownFileType = sourcecode.c.h; path = SYDConst.h; sourceTree = "<group>"; };
		CFCBE68A205966BC00714D2B /* SYDConst.m */ = {isa = PBXFileReference; lastKnownFileType = sourcecode.c.objc; path = SYDConst.m; sourceTree = "<group>"; };
		CFCBE68F2059673F00714D2B /* UIView+SYDFrame.h */ = {isa = PBXFileReference; lastKnownFileType = sourcecode.c.h; path = "UIView+SYDFrame.h"; sourceTree = "<group>"; };
		CFCBE6902059673F00714D2B /* UIView+SYDFrame.m */ = {isa = PBXFileReference; lastKnownFileType = sourcecode.c.objc; path = "UIView+SYDFrame.m"; sourceTree = "<group>"; };
		CFCBE692205969C800714D2B /* Info.plist */ = {isa = PBXFileReference; fileEncoding = 4; lastKnownFileType = text.plist.xml; name = Info.plist; path = FocusTime/Info.plist; sourceTree = SOURCE_ROOT; };
		CFCBE693205969C800714D2B /* main.m */ = {isa = PBXFileReference; fileEncoding = 4; lastKnownFileType = sourcecode.c.objc; name = main.m; path = FocusTime/main.m; sourceTree = SOURCE_ROOT; };
		CFDEBF842063A1C300624CD5 /* CountDownlabel.h */ = {isa = PBXFileReference; lastKnownFileType = sourcecode.c.h; path = CountDownlabel.h; sourceTree = "<group>"; };
		CFDEBF852063A1C300624CD5 /* CountDownlabel.m */ = {isa = PBXFileReference; lastKnownFileType = sourcecode.c.objc; path = CountDownlabel.m; sourceTree = "<group>"; };
		CFEB05B7205A18CE0078A2E9 /* SYDButton.h */ = {isa = PBXFileReference; lastKnownFileType = sourcecode.c.h; path = SYDButton.h; sourceTree = "<group>"; };
		CFEB05B8205A18CE0078A2E9 /* SYDButton.m */ = {isa = PBXFileReference; lastKnownFileType = sourcecode.c.objc; path = SYDButton.m; sourceTree = "<group>"; };
		CFEB05BA205A52650078A2E9 /* SYDCircleView.h */ = {isa = PBXFileReference; lastKnownFileType = sourcecode.c.h; path = SYDCircleView.h; sourceTree = "<group>"; };
		CFEB05BB205A52650078A2E9 /* SYDCircleView.m */ = {isa = PBXFileReference; lastKnownFileType = sourcecode.c.objc; path = SYDCircleView.m; sourceTree = "<group>"; };
		CFEB836D20A3F4CB0055ED2E /* SYDStatisticCell.h */ = {isa = PBXFileReference; lastKnownFileType = sourcecode.c.h; path = SYDStatisticCell.h; sourceTree = "<group>"; };
		CFEB836E20A3F4CB0055ED2E /* SYDStatisticCell.m */ = {isa = PBXFileReference; lastKnownFileType = sourcecode.c.objc; path = SYDStatisticCell.m; sourceTree = "<group>"; };
		CFEB836F20A3F4CB0055ED2E /* SYDStatisticCell.xib */ = {isa = PBXFileReference; lastKnownFileType = file.xib; path = SYDStatisticCell.xib; sourceTree = "<group>"; };
		CFEB837220A40A480055ED2E /* SYDFocusModel.h */ = {isa = PBXFileReference; lastKnownFileType = sourcecode.c.h; path = SYDFocusModel.h; sourceTree = "<group>"; };
		CFEB837320A40A480055ED2E /* SYDFocusModel.m */ = {isa = PBXFileReference; lastKnownFileType = sourcecode.c.objc; path = SYDFocusModel.m; sourceTree = "<group>"; };
/* End PBXFileReference section */

/* Begin PBXFrameworksBuildPhase section */
		CFCBE62E2059624A00714D2B /* Frameworks */ = {
			isa = PBXFrameworksBuildPhase;
			buildActionMask = 2147483647;
			files = (
				76772BC0D19B2EEE0BDA12B1 /* libPods-FocusTime.a in Frameworks */,
			);
			runOnlyForDeploymentPostprocessing = 0;
		};
		CFCBE6462059624A00714D2B /* Frameworks */ = {
			isa = PBXFrameworksBuildPhase;
			buildActionMask = 2147483647;
			files = (
			);
			runOnlyForDeploymentPostprocessing = 0;
		};
		CFCBE6512059624A00714D2B /* Frameworks */ = {
			isa = PBXFrameworksBuildPhase;
			buildActionMask = 2147483647;
			files = (
			);
			runOnlyForDeploymentPostprocessing = 0;
		};
/* End PBXFrameworksBuildPhase section */

/* Begin PBXGroup section */
		470CD2342727A98372F6109D /* Frameworks */ = {
			isa = PBXGroup;
			children = (
				9C0F1A7D5B15DF72E5B6CE0C /* libPods-FocusTime.a */,
			);
			name = Frameworks;
			sourceTree = "<group>";
		};
		CF951776206BCA0500CE221D /* Common */ = {
			isa = PBXGroup;
			children = (
				CF951777206BCA3600CE221D /* View */,
			);
			path = Common;
			sourceTree = "<group>";
		};
		CF951777206BCA3600CE221D /* View */ = {
			isa = PBXGroup;
			children = (
			);
			path = View;
			sourceTree = "<group>";
		};
		CFCBE6282059624A00714D2B = {
			isa = PBXGroup;
			children = (
				CFCBE6332059624A00714D2B /* FocusTime */,
				CFCBE64C2059624A00714D2B /* FocusTimeTests */,
				CFCBE6572059624A00714D2B /* FocusTimeUITests */,
				CFCBE6322059624A00714D2B /* Products */,
				E140B0FF8ED345266A6B3305 /* Pods */,
				470CD2342727A98372F6109D /* Frameworks */,
			);
			sourceTree = "<group>";
		};
		CFCBE6322059624A00714D2B /* Products */ = {
			isa = PBXGroup;
			children = (
				CFCBE6312059624A00714D2B /* FocusTime.app */,
				CFCBE6492059624A00714D2B /* FocusTimeTests.xctest */,
				CFCBE6542059624A00714D2B /* FocusTimeUITests.xctest */,
			);
			name = Products;
			sourceTree = "<group>";
		};
		CFCBE6332059624A00714D2B /* FocusTime */ = {
			isa = PBXGroup;
			children = (
				CFCBE666205963D800714D2B /* Classes */,
				CFCBE67B205963D800714D2B /* SupportingFiles */,
				CFCBE692205969C800714D2B /* Info.plist */,
				CFCBE693205969C800714D2B /* main.m */,
			);
			path = FocusTime;
			sourceTree = "<group>";
		};
		CFCBE64C2059624A00714D2B /* FocusTimeTests */ = {
			isa = PBXGroup;
			children = (
				CFCBE64D2059624A00714D2B /* FocusTimeTests.m */,
				CFCBE64F2059624A00714D2B /* Info.plist */,
			);
			path = FocusTimeTests;
			sourceTree = "<group>";
		};
		CFCBE6572059624A00714D2B /* FocusTimeUITests */ = {
			isa = PBXGroup;
			children = (
				CFCBE6582059624A00714D2B /* FocusTimeUITests.m */,
				CFCBE65A2059624A00714D2B /* Info.plist */,
			);
			path = FocusTimeUITests;
			sourceTree = "<group>";
		};
		CFCBE666205963D800714D2B /* Classes */ = {
			isa = PBXGroup;
			children = (
				CF951776206BCA0500CE221D /* Common */,
				CFCBE667205963D800714D2B /* Other */,
				CFCBE66F205963D800714D2B /* Me */,
				CFCBE673205963D800714D2B /* Setting */,
				CFCBE677205963D800714D2B /* Main */,
			);
			path = Classes;
			sourceTree = "<group>";
		};
		CFCBE667205963D800714D2B /* Other */ = {
			isa = PBXGroup;
			children = (
				CFCBE688205966A400714D2B /* Const */,
				CFCBE668205963D800714D2B /* Tools */,
				CFCBE66A205963D800714D2B /* Category */,
			);
			path = Other;
			sourceTree = "<group>";
		};
		CFCBE668205963D800714D2B /* Tools */ = {
			isa = PBXGroup;
			children = (
				CFCBE669205963D800714D2B /* SingleTools.h */,
				CF951778206BCA6E00CE221D /* SYDNotification.h */,
				CF951779206BCA6E00CE221D /* SYDNotification.m */,
				CF02D3EA208DD85400A67604 /* SYDUserDefaultsTools.h */,
				CF02D3EB208DD85400A67604 /* SYDUserDefaultsTools.m */,
				CF9CC4E520AB1F9C007D3F37 /* SYDTimeFormatter.h */,
				CF9CC4E620AB1F9C007D3F37 /* SYDTimeFormatter.m */,
			);
			path = Tools;
			sourceTree = "<group>";
		};
		CFCBE66A205963D800714D2B /* Category */ = {
			isa = PBXGroup;
			children = (
				CFCBE68F2059673F00714D2B /* UIView+SYDFrame.h */,
				CFCBE6902059673F00714D2B /* UIView+SYDFrame.m */,
			);
			path = Category;
			sourceTree = "<group>";
		};
		CFCBE66F205963D800714D2B /* Me */ = {
			isa = PBXGroup;
			children = (
				CFCBE670205963D800714D2B /* Controller */,
				CFCBE671205963D800714D2B /* Model */,
				CFCBE672205963D800714D2B /* View */,
			);
			path = Me;
			sourceTree = "<group>";
		};
		CFCBE670205963D800714D2B /* Controller */ = {
			isa = PBXGroup;
			children = (
				CF02D3ED208E0E5100A67604 /* MeViewController.h */,
				CF02D3F0208E0E5C00A67604 /* MeViewController.storyboard */,
				CF02D3EE208E0E5100A67604 /* MeViewController.m */,
				CF60626020AC2C5C00D6AF06 /* SYDHistoryStatisticViewController.h */,
				CF60626120AC2C5C00D6AF06 /* SYDHistoryStatisticViewController.m */,
			);
			path = Controller;
			sourceTree = "<group>";
		};
		CFCBE671205963D800714D2B /* Model */ = {
			isa = PBXGroup;
			children = (
				CFEB837220A40A480055ED2E /* SYDFocusModel.h */,
				CFEB837320A40A480055ED2E /* SYDFocusModel.m */,
			);
			path = Model;
			sourceTree = "<group>";
		};
		CFCBE672205963D800714D2B /* View */ = {
			isa = PBXGroup;
			children = (
				CFEB836D20A3F4CB0055ED2E /* SYDStatisticCell.h */,
				CFEB836E20A3F4CB0055ED2E /* SYDStatisticCell.m */,
				CFEB836F20A3F4CB0055ED2E /* SYDStatisticCell.xib */,
			);
			path = View;
			sourceTree = "<group>";
		};
		CFCBE673205963D800714D2B /* Setting */ = {
			isa = PBXGroup;
			children = (
				CFCBE674205963D800714D2B /* Controller */,
				CFCBE675205963D800714D2B /* Model */,
				CFCBE676205963D800714D2B /* View */,
			);
			path = Setting;
			sourceTree = "<group>";
		};
		CFCBE674205963D800714D2B /* Controller */ = {
			isa = PBXGroup;
			children = (
				CFA19A9B2066974B005883F5 /* SYDSettingViewController.h */,
				CFA19A9C2066974B005883F5 /* SYDSettingViewController.m */,
				CFA19A9E20669A03005883F5 /* SYDSettingViewController.storyboard */,
				CF32F63E20AD651500A3B938 /* SYDChangeThemeController.h */,
				CF32F63F20AD651500A3B938 /* SYDChangeThemeController.m */,
			);
			path = Controller;
			sourceTree = "<group>";
		};
		CFCBE675205963D800714D2B /* Model */ = {
			isa = PBXGroup;
			children = (
			);
			path = Model;
			sourceTree = "<group>";
		};
		CFCBE676205963D800714D2B /* View */ = {
			isa = PBXGroup;
			children = (
				CF32F64120AD668000A3B938 /* SYDThemeCell.h */,
				CF32F64220AD668000A3B938 /* SYDThemeCell.m */,
				CF32F64320AD668000A3B938 /* SYDThemeCell.xib */,
			);
			path = View;
			sourceTree = "<group>";
		};
		CFCBE677205963D800714D2B /* Main */ = {
			isa = PBXGroup;
			children = (
				CFCBE678205963D800714D2B /* Controller */,
				CFCBE679205963D800714D2B /* Model */,
				CFCBE67A205963D800714D2B /* View */,
			);
			path = Main;
			sourceTree = "<group>";
		};
		CFCBE678205963D800714D2B /* Controller */ = {
			isa = PBXGroup;
			children = (
				CFCBE685205965D600714D2B /* SYDMainController.h */,
				CFCBE686205965D600714D2B /* SYDMainController.m */,
				CF02D3F2208E166100A67604 /* SYDStatisticController.h */,
				CF02D3F3208E166100A67604 /* SYDStatisticController.m */,
				CF02D3F4208E166100A67604 /* SYDStatisticController.xib */,
			);
			path = Controller;
			sourceTree = "<group>";
		};
		CFCBE679205963D800714D2B /* Model */ = {
			isa = PBXGroup;
			children = (
			);
			path = Model;
			sourceTree = "<group>";
		};
		CFCBE67A205963D800714D2B /* View */ = {
			isa = PBXGroup;
			children = (
				CFEB05B7205A18CE0078A2E9 /* SYDButton.h */,
				CFEB05B8205A18CE0078A2E9 /* SYDButton.m */,
				CFEB05BA205A52650078A2E9 /* SYDCircleView.h */,
				CFEB05BB205A52650078A2E9 /* SYDCircleView.m */,
				CFB3B51E205B9D9700372E78 /* SYDTimeCountDownView.h */,
				CFB3B51F205B9D9700372E78 /* SYDTimeCountDownView.m */,
				CFDEBF842063A1C300624CD5 /* CountDownlabel.h */,
				CFDEBF852063A1C300624CD5 /* CountDownlabel.m */,
				CF951773206B360100CE221D /* CircleAnimation.h */,
				CF951774206B360100CE221D /* CircleAnimation.m */,
			);
			path = View;
			sourceTree = "<group>";
		};
		CFCBE67B205963D800714D2B /* SupportingFiles */ = {
			isa = PBXGroup;
			children = (
				CFC36CED20774C06008BF97F /* Assets.xcassets */,
				CFB3B521205B9E2900372E78 /* DefaultThin.otf */,
				CFCBE63A2059624A00714D2B /* Main.storyboard */,
				CFCBE63F2059624A00714D2B /* LaunchScreen.storyboard */,
				CFCBE67C205963D800714D2B /* AppDelegate.h */,
				CFCBE67E205963D800714D2B /* AppDelegate.m */,
			);
			path = SupportingFiles;
			sourceTree = "<group>";
		};
		CFCBE688205966A400714D2B /* Const */ = {
			isa = PBXGroup;
			children = (
				CFCBE689205966BC00714D2B /* SYDConst.h */,
				CFCBE68A205966BC00714D2B /* SYDConst.m */,
			);
			path = Const;
			sourceTree = "<group>";
		};
		E140B0FF8ED345266A6B3305 /* Pods */ = {
			isa = PBXGroup;
			children = (
				94D083B9CF109955F2F3ABCA /* Pods-FocusTime.debug.xcconfig */,
				C3CE238BB2172C278D20E087 /* Pods-FocusTime.release.xcconfig */,
			);
			name = Pods;
			sourceTree = "<group>";
		};
/* End PBXGroup section */

/* Begin PBXNativeTarget section */
		CFCBE6302059624A00714D2B /* FocusTime */ = {
			isa = PBXNativeTarget;
			buildConfigurationList = CFCBE65D2059624A00714D2B /* Build configuration list for PBXNativeTarget "FocusTime" */;
			buildPhases = (
				CAB635B0A7730A90200D8A55 /* [CP] Check Pods Manifest.lock */,
				CFCBE62D2059624A00714D2B /* Sources */,
				CFCBE62E2059624A00714D2B /* Frameworks */,
				CFCBE62F2059624A00714D2B /* Resources */,
				5397EF4279789E9050DB332A /* [CP] Embed Pods Frameworks */,
				FA8957A40444A4BCE8E643A4 /* [CP] Copy Pods Resources */,
			);
			buildRules = (
			);
			dependencies = (
			);
			name = FocusTime;
			productName = FocusTime;
			productReference = CFCBE6312059624A00714D2B /* FocusTime.app */;
			productType = "com.apple.product-type.application";
		};
		CFCBE6482059624A00714D2B /* FocusTimeTests */ = {
			isa = PBXNativeTarget;
			buildConfigurationList = CFCBE6602059624A00714D2B /* Build configuration list for PBXNativeTarget "FocusTimeTests" */;
			buildPhases = (
				CFCBE6452059624A00714D2B /* Sources */,
				CFCBE6462059624A00714D2B /* Frameworks */,
				CFCBE6472059624A00714D2B /* Resources */,
			);
			buildRules = (
			);
			dependencies = (
				CFCBE64B2059624A00714D2B /* PBXTargetDependency */,
			);
			name = FocusTimeTests;
			productName = FocusTimeTests;
			productReference = CFCBE6492059624A00714D2B /* FocusTimeTests.xctest */;
			productType = "com.apple.product-type.bundle.unit-test";
		};
		CFCBE6532059624A00714D2B /* FocusTimeUITests */ = {
			isa = PBXNativeTarget;
			buildConfigurationList = CFCBE6632059624A00714D2B /* Build configuration list for PBXNativeTarget "FocusTimeUITests" */;
			buildPhases = (
				CFCBE6502059624A00714D2B /* Sources */,
				CFCBE6512059624A00714D2B /* Frameworks */,
				CFCBE6522059624A00714D2B /* Resources */,
			);
			buildRules = (
			);
			dependencies = (
				CFCBE6562059624A00714D2B /* PBXTargetDependency */,
			);
			name = FocusTimeUITests;
			productName = FocusTimeUITests;
			productReference = CFCBE6542059624A00714D2B /* FocusTimeUITests.xctest */;
			productType = "com.apple.product-type.bundle.ui-testing";
		};
/* End PBXNativeTarget section */

/* Begin PBXProject section */
		CFCBE6292059624A00714D2B /* Project object */ = {
			isa = PBXProject;
			attributes = {
				LastUpgradeCheck = 0920;
				ORGANIZATIONNAME = com.xidian.edu.cn;
				TargetAttributes = {
					CFCBE6302059624A00714D2B = {
						CreatedOnToolsVersion = 9.2;
						ProvisioningStyle = Automatic;
					};
					CFCBE6482059624A00714D2B = {
						CreatedOnToolsVersion = 9.2;
						ProvisioningStyle = Automatic;
						TestTargetID = CFCBE6302059624A00714D2B;
					};
					CFCBE6532059624A00714D2B = {
						CreatedOnToolsVersion = 9.2;
						ProvisioningStyle = Automatic;
						TestTargetID = CFCBE6302059624A00714D2B;
					};
				};
			};
			buildConfigurationList = CFCBE62C2059624A00714D2B /* Build configuration list for PBXProject "FocusTime" */;
			compatibilityVersion = "Xcode 8.0";
			developmentRegion = en;
			hasScannedForEncodings = 0;
			knownRegions = (
				en,
				Base,
			);
			mainGroup = CFCBE6282059624A00714D2B;
			productRefGroup = CFCBE6322059624A00714D2B /* Products */;
			projectDirPath = "";
			projectRoot = "";
			targets = (
				CFCBE6302059624A00714D2B /* FocusTime */,
				CFCBE6482059624A00714D2B /* FocusTimeTests */,
				CFCBE6532059624A00714D2B /* FocusTimeUITests */,
			);
		};
/* End PBXProject section */

/* Begin PBXResourcesBuildPhase section */
		CFCBE62F2059624A00714D2B /* Resources */ = {
			isa = PBXResourcesBuildPhase;
			buildActionMask = 2147483647;
			files = (
				CFB3B522205BA19F00372E78 /* DefaultThin.otf in Resources */,
				CF02D3F1208E0E5C00A67604 /* MeViewController.storyboard in Resources */,
				CFCBE694205969C800714D2B /* Info.plist in Resources */,
				CFCBE6412059624A00714D2B /* LaunchScreen.storyboard in Resources */,
				CFCBE63C2059624A00714D2B /* Main.storyboard in Resources */,
				CFC36CEE20774C06008BF97F /* Assets.xcassets in Resources */,
				CFEB837120A3F4CB0055ED2E /* SYDStatisticCell.xib in Resources */,
				CFA19A9F20669A03005883F5 /* SYDSettingViewController.storyboard in Resources */,
				CF32F64520AD668000A3B938 /* SYDThemeCell.xib in Resources */,
				CF02D3F6208E166100A67604 /* SYDStatisticController.xib in Resources */,
			);
			runOnlyForDeploymentPostprocessing = 0;
		};
		CFCBE6472059624A00714D2B /* Resources */ = {
			isa = PBXResourcesBuildPhase;
			buildActionMask = 2147483647;
			files = (
			);
			runOnlyForDeploymentPostprocessing = 0;
		};
		CFCBE6522059624A00714D2B /* Resources */ = {
			isa = PBXResourcesBuildPhase;
			buildActionMask = 2147483647;
			files = (
			);
			runOnlyForDeploymentPostprocessing = 0;
		};
/* End PBXResourcesBuildPhase section */

/* Begin PBXShellScriptBuildPhase section */
		5397EF4279789E9050DB332A /* [CP] Embed Pods Frameworks */ = {
			isa = PBXShellScriptBuildPhase;
			buildActionMask = 2147483647;
			files = (
			);
			inputPaths = (
			);
			name = "[CP] Embed Pods Frameworks";
			outputPaths = (
			);
			runOnlyForDeploymentPostprocessing = 0;
			shellPath = /bin/sh;
			shellScript = "\"${SRCROOT}/Pods/Target Support Files/Pods-FocusTime/Pods-FocusTime-frameworks.sh\"\n";
			showEnvVarsInLog = 0;
		};
		CAB635B0A7730A90200D8A55 /* [CP] Check Pods Manifest.lock */ = {
			isa = PBXShellScriptBuildPhase;
			buildActionMask = 2147483647;
			files = (
			);
			inputPaths = (
				"${PODS_PODFILE_DIR_PATH}/Podfile.lock",
				"${PODS_ROOT}/Manifest.lock",
			);
			name = "[CP] Check Pods Manifest.lock";
			outputPaths = (
				"$(DERIVED_FILE_DIR)/Pods-FocusTime-checkManifestLockResult.txt",
			);
			runOnlyForDeploymentPostprocessing = 0;
			shellPath = /bin/sh;
			shellScript = "diff \"${PODS_PODFILE_DIR_PATH}/Podfile.lock\" \"${PODS_ROOT}/Manifest.lock\" > /dev/null\nif [ $? != 0 ] ; then\n    # print error to STDERR\n    echo \"error: The sandbox is not in sync with the Podfile.lock. Run 'pod install' or update your CocoaPods installation.\" >&2\n    exit 1\nfi\n# This output is used by Xcode 'outputs' to avoid re-running this script phase.\necho \"SUCCESS\" > \"${SCRIPT_OUTPUT_FILE_0}\"\n";
			showEnvVarsInLog = 0;
		};
		FA8957A40444A4BCE8E643A4 /* [CP] Copy Pods Resources */ = {
			isa = PBXShellScriptBuildPhase;
			buildActionMask = 2147483647;
			files = (
			);
			inputPaths = (
				"${SRCROOT}/Pods/Target Support Files/Pods-FocusTime/Pods-FocusTime-resources.sh",
				"${PODS_ROOT}/PGDatePicker/PGDatePicker/PGDatePicker.bundle",
			);
			name = "[CP] Copy Pods Resources";
			outputPaths = (
				"${TARGET_BUILD_DIR}/${UNLOCALIZED_RESOURCES_FOLDER_PATH}",
			);
			runOnlyForDeploymentPostprocessing = 0;
			shellPath = /bin/sh;
			shellScript = "\"${SRCROOT}/Pods/Target Support Files/Pods-FocusTime/Pods-FocusTime-resources.sh\"\n";
			showEnvVarsInLog = 0;
		};
/* End PBXShellScriptBuildPhase section */

/* Begin PBXSourcesBuildPhase section */
		CFCBE62D2059624A00714D2B /* Sources */ = {
			isa = PBXSourcesBuildPhase;
			buildActionMask = 2147483647;
			files = (
				CF60626220AC2C5C00D6AF06 /* SYDHistoryStatisticViewController.m in Sources */,
				CF9CC4E720AB1F9C007D3F37 /* SYDTimeFormatter.m in Sources */,
				CF6859C12070EFCF005DE0B5 /* CircleAnimation.h in Sources */,
				CF02D3F5208E166100A67604 /* SYDStatisticController.m in Sources */,
				CF32F64020AD651500A3B938 /* SYDChangeThemeController.m in Sources */,
				CFB3B51D205B9B2D00372E78 /* SYDCircleView.h in Sources */,
				CFCBE695205969C800714D2B /* main.m in Sources */,
				CF951775206B360100CE221D /* CircleAnimation.m in Sources */,
				CF95177A206BCA6E00CE221D /* SYDNotification.m in Sources */,
				CFCBE683205963D800714D2B /* AppDelegate.m in Sources */,
				CFEB05B9205A18CE0078A2E9 /* SYDButton.m in Sources */,
				CFA19A9D2066974B005883F5 /* SYDSettingViewController.m in Sources */,
				CFDEBF862063A1C300624CD5 /* CountDownlabel.m in Sources */,
				CFB3B520205B9D9700372E78 /* SYDTimeCountDownView.m in Sources */,
				CFEB837420A40A480055ED2E /* SYDFocusModel.m in Sources */,
				CFCBE6912059673F00714D2B /* UIView+SYDFrame.m in Sources */,
				CFCBE687205965D600714D2B /* SYDMainController.m in Sources */,
				CFEB837020A3F4CB0055ED2E /* SYDStatisticCell.m in Sources */,
				CFCBE68B205966BC00714D2B /* SYDConst.m in Sources */,
				CFEB05BC205A52650078A2E9 /* SYDCircleView.m in Sources */,
				CF02D3EF208E0E5100A67604 /* MeViewController.m in Sources */,
				CF32F64420AD668000A3B938 /* SYDThemeCell.m in Sources */,
				CF02D3EC208DD85400A67604 /* SYDUserDefaultsTools.m in Sources */,
			);
			runOnlyForDeploymentPostprocessing = 0;
		};
		CFCBE6452059624A00714D2B /* Sources */ = {
			isa = PBXSourcesBuildPhase;
			buildActionMask = 2147483647;
			files = (
				CFCBE64E2059624A00714D2B /* FocusTimeTests.m in Sources */,
			);
			runOnlyForDeploymentPostprocessing = 0;
		};
		CFCBE6502059624A00714D2B /* Sources */ = {
			isa = PBXSourcesBuildPhase;
			buildActionMask = 2147483647;
			files = (
				CFCBE6592059624A00714D2B /* FocusTimeUITests.m in Sources */,
			);
			runOnlyForDeploymentPostprocessing = 0;
		};
/* End PBXSourcesBuildPhase section */

/* Begin PBXTargetDependency section */
		CFCBE64B2059624A00714D2B /* PBXTargetDependency */ = {
			isa = PBXTargetDependency;
			target = CFCBE6302059624A00714D2B /* FocusTime */;
			targetProxy = CFCBE64A2059624A00714D2B /* PBXContainerItemProxy */;
		};
		CFCBE6562059624A00714D2B /* PBXTargetDependency */ = {
			isa = PBXTargetDependency;
			target = CFCBE6302059624A00714D2B /* FocusTime */;
			targetProxy = CFCBE6552059624A00714D2B /* PBXContainerItemProxy */;
		};
/* End PBXTargetDependency section */

/* Begin PBXVariantGroup section */
		CFCBE63A2059624A00714D2B /* Main.storyboard */ = {
			isa = PBXVariantGroup;
			children = (
				CFCBE63B2059624A00714D2B /* Base */,
			);
			name = Main.storyboard;
			sourceTree = "<group>";
		};
		CFCBE63F2059624A00714D2B /* LaunchScreen.storyboard */ = {
			isa = PBXVariantGroup;
			children = (
				CFCBE6402059624A00714D2B /* Base */,
			);
			name = LaunchScreen.storyboard;
			sourceTree = "<group>";
		};
/* End PBXVariantGroup section */

/* Begin XCBuildConfiguration section */
		CFCBE65B2059624A00714D2B /* Debug */ = {
			isa = XCBuildConfiguration;
			buildSettings = {
				ALWAYS_SEARCH_USER_PATHS = NO;
				CLANG_ANALYZER_NONNULL = YES;
				CLANG_ANALYZER_NUMBER_OBJECT_CONVERSION = YES_AGGRESSIVE;
				CLANG_CXX_LANGUAGE_STANDARD = "gnu++14";
				CLANG_CXX_LIBRARY = "libc++";
				CLANG_ENABLE_MODULES = YES;
				CLANG_ENABLE_OBJC_ARC = YES;
				CLANG_WARN_BLOCK_CAPTURE_AUTORELEASING = YES;
				CLANG_WARN_BOOL_CONVERSION = YES;
				CLANG_WARN_COMMA = YES;
				CLANG_WARN_CONSTANT_CONVERSION = YES;
				CLANG_WARN_DIRECT_OBJC_ISA_USAGE = YES_ERROR;
				CLANG_WARN_DOCUMENTATION_COMMENTS = YES;
				CLANG_WARN_EMPTY_BODY = YES;
				CLANG_WARN_ENUM_CONVERSION = YES;
				CLANG_WARN_INFINITE_RECURSION = YES;
				CLANG_WARN_INT_CONVERSION = YES;
				CLANG_WARN_NON_LITERAL_NULL_CONVERSION = YES;
				CLANG_WARN_OBJC_LITERAL_CONVERSION = YES;
				CLANG_WARN_OBJC_ROOT_CLASS = YES_ERROR;
				CLANG_WARN_RANGE_LOOP_ANALYSIS = YES;
				CLANG_WARN_STRICT_PROTOTYPES = YES;
				CLANG_WARN_SUSPICIOUS_MOVE = YES;
				CLANG_WARN_UNGUARDED_AVAILABILITY = YES_AGGRESSIVE;
				CLANG_WARN_UNREACHABLE_CODE = YES;
				CLANG_WARN__DUPLICATE_METHOD_MATCH = YES;
				CODE_SIGN_IDENTITY = "iPhone Developer";
				COPY_PHASE_STRIP = NO;
				DEBUG_INFORMATION_FORMAT = dwarf;
				ENABLE_STRICT_OBJC_MSGSEND = YES;
				ENABLE_TESTABILITY = YES;
				GCC_C_LANGUAGE_STANDARD = gnu11;
				GCC_DYNAMIC_NO_PIC = NO;
				GCC_NO_COMMON_BLOCKS = YES;
				GCC_OPTIMIZATION_LEVEL = 0;
				GCC_PREPROCESSOR_DEFINITIONS = (
					"DEBUG=1",
					"$(inherited)",
				);
				GCC_WARN_64_TO_32_BIT_CONVERSION = YES;
				GCC_WARN_ABOUT_RETURN_TYPE = YES_ERROR;
				GCC_WARN_UNDECLARED_SELECTOR = YES;
				GCC_WARN_UNINITIALIZED_AUTOS = YES_AGGRESSIVE;
				GCC_WARN_UNUSED_FUNCTION = YES;
				GCC_WARN_UNUSED_VARIABLE = YES;
				IPHONEOS_DEPLOYMENT_TARGET = 9.0;
				MTL_ENABLE_DEBUG_INFO = YES;
				ONLY_ACTIVE_ARCH = YES;
				SDKROOT = iphoneos;
			};
			name = Debug;
		};
		CFCBE65C2059624A00714D2B /* Release */ = {
			isa = XCBuildConfiguration;
			buildSettings = {
				ALWAYS_SEARCH_USER_PATHS = NO;
				CLANG_ANALYZER_NONNULL = YES;
				CLANG_ANALYZER_NUMBER_OBJECT_CONVERSION = YES_AGGRESSIVE;
				CLANG_CXX_LANGUAGE_STANDARD = "gnu++14";
				CLANG_CXX_LIBRARY = "libc++";
				CLANG_ENABLE_MODULES = YES;
				CLANG_ENABLE_OBJC_ARC = YES;
				CLANG_WARN_BLOCK_CAPTURE_AUTORELEASING = YES;
				CLANG_WARN_BOOL_CONVERSION = YES;
				CLANG_WARN_COMMA = YES;
				CLANG_WARN_CONSTANT_CONVERSION = YES;
				CLANG_WARN_DIRECT_OBJC_ISA_USAGE = YES_ERROR;
				CLANG_WARN_DOCUMENTATION_COMMENTS = YES;
				CLANG_WARN_EMPTY_BODY = YES;
				CLANG_WARN_ENUM_CONVERSION = YES;
				CLANG_WARN_INFINITE_RECURSION = YES;
				CLANG_WARN_INT_CONVERSION = YES;
				CLANG_WARN_NON_LITERAL_NULL_CONVERSION = YES;
				CLANG_WARN_OBJC_LITERAL_CONVERSION = YES;
				CLANG_WARN_OBJC_ROOT_CLASS = YES_ERROR;
				CLANG_WARN_RANGE_LOOP_ANALYSIS = YES;
				CLANG_WARN_STRICT_PROTOTYPES = YES;
				CLANG_WARN_SUSPICIOUS_MOVE = YES;
				CLANG_WARN_UNGUARDED_AVAILABILITY = YES_AGGRESSIVE;
				CLANG_WARN_UNREACHABLE_CODE = YES;
				CLANG_WARN__DUPLICATE_METHOD_MATCH = YES;
				CODE_SIGN_IDENTITY = "iPhone Developer";
				COPY_PHASE_STRIP = NO;
				DEBUG_INFORMATION_FORMAT = "dwarf-with-dsym";
				ENABLE_NS_ASSERTIONS = NO;
				ENABLE_STRICT_OBJC_MSGSEND = YES;
				GCC_C_LANGUAGE_STANDARD = gnu11;
				GCC_NO_COMMON_BLOCKS = YES;
				GCC_WARN_64_TO_32_BIT_CONVERSION = YES;
				GCC_WARN_ABOUT_RETURN_TYPE = YES_ERROR;
				GCC_WARN_UNDECLARED_SELECTOR = YES;
				GCC_WARN_UNINITIALIZED_AUTOS = YES_AGGRESSIVE;
				GCC_WARN_UNUSED_FUNCTION = YES;
				GCC_WARN_UNUSED_VARIABLE = YES;
				IPHONEOS_DEPLOYMENT_TARGET = 9.0;
				MTL_ENABLE_DEBUG_INFO = NO;
				SDKROOT = iphoneos;
				VALIDATE_PRODUCT = YES;
			};
			name = Release;
		};
		CFCBE65E2059624A00714D2B /* Debug */ = {
			isa = XCBuildConfiguration;
			baseConfigurationReference = 94D083B9CF109955F2F3ABCA /* Pods-FocusTime.debug.xcconfig */;
			buildSettings = {
				ASSETCATALOG_COMPILER_APPICON_NAME = AppIcon;
				"CODE_SIGN_IDENTITY[sdk=iphoneos*]" = "iPhone Developer";
				CODE_SIGN_STYLE = Automatic;
				DEVELOPMENT_TEAM = BBKVX2RMVD;
				INFOPLIST_FILE = FocusTime/Info.plist;
				IPHONEOS_DEPLOYMENT_TARGET = 10.0;
				LD_RUNPATH_SEARCH_PATHS = "$(inherited) @executable_path/Frameworks";
				PRODUCT_BUNDLE_IDENTIFIER = com.xidian.FocusTime;
				PRODUCT_NAME = "$(TARGET_NAME)";
				PROVISIONING_PROFILE_SPECIFIER = "";
				TARGETED_DEVICE_FAMILY = "1,2";
			};
			name = Debug;
		};
		CFCBE65F2059624A00714D2B /* Release */ = {
			isa = XCBuildConfiguration;
			baseConfigurationReference = C3CE238BB2172C278D20E087 /* Pods-FocusTime.release.xcconfig */;
			buildSettings = {
				ASSETCATALOG_COMPILER_APPICON_NAME = AppIcon;
				"CODE_SIGN_IDENTITY[sdk=iphoneos*]" = "iPhone Developer";
				CODE_SIGN_STYLE = Automatic;
				DEVELOPMENT_TEAM = BBKVX2RMVD;
				INFOPLIST_FILE = FocusTime/Info.plist;
				IPHONEOS_DEPLOYMENT_TARGET = 10.0;
				LD_RUNPATH_SEARCH_PATHS = "$(inherited) @executable_path/Frameworks";
				PRODUCT_BUNDLE_IDENTIFIER = com.xidian.FocusTime;
				PRODUCT_NAME = "$(TARGET_NAME)";
				PROVISIONING_PROFILE_SPECIFIER = "";
				TARGETED_DEVICE_FAMILY = "1,2";
			};
			name = Release;
		};
		CFCBE6612059624A00714D2B /* Debug */ = {
			isa = XCBuildConfiguration;
			buildSettings = {
				BUNDLE_LOADER = "$(TEST_HOST)";
				CODE_SIGN_STYLE = Automatic;
				DEVELOPMENT_TEAM = BBKVX2RMVD;
				INFOPLIST_FILE = FocusTimeTests/Info.plist;
				LD_RUNPATH_SEARCH_PATHS = "$(inherited) @executable_path/Frameworks @loader_path/Frameworks";
				PRODUCT_BUNDLE_IDENTIFIER = com.xidian.FocusTimeTests;
				PRODUCT_NAME = "$(TARGET_NAME)";
				TARGETED_DEVICE_FAMILY = "1,2";
				TEST_HOST = "$(BUILT_PRODUCTS_DIR)/FocusTime.app/FocusTime";
			};
			name = Debug;
		};
		CFCBE6622059624A00714D2B /* Release */ = {
			isa = XCBuildConfiguration;
			buildSettings = {
				BUNDLE_LOADER = "$(TEST_HOST)";
				CODE_SIGN_STYLE = Automatic;
				DEVELOPMENT_TEAM = BBKVX2RMVD;
				INFOPLIST_FILE = FocusTimeTests/Info.plist;
				LD_RUNPATH_SEARCH_PATHS = "$(inherited) @executable_path/Frameworks @loader_path/Frameworks";
				PRODUCT_BUNDLE_IDENTIFIER = com.xidian.FocusTimeTests;
				PRODUCT_NAME = "$(TARGET_NAME)";
				TARGETED_DEVICE_FAMILY = "1,2";
				TEST_HOST = "$(BUILT_PRODUCTS_DIR)/FocusTime.app/FocusTime";
			};
			name = Release;
		};
		CFCBE6642059624A00714D2B /* Debug */ = {
			isa = XCBuildConfiguration;
			buildSettings = {
				CODE_SIGN_STYLE = Automatic;
				DEVELOPMENT_TEAM = BBKVX2RMVD;
				INFOPLIST_FILE = FocusTimeUITests/Info.plist;
				LD_RUNPATH_SEARCH_PATHS = "$(inherited) @executable_path/Frameworks @loader_path/Frameworks";
				PRODUCT_BUNDLE_IDENTIFIER = com.xidian.FocusTimeUITests;
				PRODUCT_NAME = "$(TARGET_NAME)";
				TARGETED_DEVICE_FAMILY = "1,2";
				TEST_TARGET_NAME = FocusTime;
			};
			name = Debug;
		};
		CFCBE6652059624A00714D2B /* Release */ = {
			isa = XCBuildConfiguration;
			buildSettings = {
				CODE_SIGN_STYLE = Automatic;
				DEVELOPMENT_TEAM = BBKVX2RMVD;
				INFOPLIST_FILE = FocusTimeUITests/Info.plist;
				LD_RUNPATH_SEARCH_PATHS = "$(inherited) @executable_path/Frameworks @loader_path/Frameworks";
				PRODUCT_BUNDLE_IDENTIFIER = com.xidian.FocusTimeUITests;
				PRODUCT_NAME = "$(TARGET_NAME)";
				TARGETED_DEVICE_FAMILY = "1,2";
				TEST_TARGET_NAME = FocusTime;
			};
			name = Release;
		};
/* End XCBuildConfiguration section */

/* Begin XCConfigurationList section */
		CFCBE62C2059624A00714D2B /* Build configuration list for PBXProject "FocusTime" */ = {
			isa = XCConfigurationList;
			buildConfigurations = (
				CFCBE65B2059624A00714D2B /* Debug */,
				CFCBE65C2059624A00714D2B /* Release */,
			);
			defaultConfigurationIsVisible = 0;
			defaultConfigurationName = Release;
		};
		CFCBE65D2059624A00714D2B /* Build configuration list for PBXNativeTarget "FocusTime" */ = {
			isa = XCConfigurationList;
			buildConfigurations = (
				CFCBE65E2059624A00714D2B /* Debug */,
				CFCBE65F2059624A00714D2B /* Release */,
			);
			defaultConfigurationIsVisible = 0;
			defaultConfigurationName = Release;
		};
		CFCBE6602059624A00714D2B /* Build configuration list for PBXNativeTarget "FocusTimeTests" */ = {
			isa = XCConfigurationList;
			buildConfigurations = (
				CFCBE6612059624A00714D2B /* Debug */,
				CFCBE6622059624A00714D2B /* Release */,
			);
			defaultConfigurationIsVisible = 0;
			defaultConfigurationName = Release;
		};
		CFCBE6632059624A00714D2B /* Build configuration list for PBXNativeTarget "FocusTimeUITests" */ = {
			isa = XCConfigurationList;
			buildConfigurations = (
				CFCBE6642059624A00714D2B /* Debug */,
				CFCBE6652059624A00714D2B /* Release */,
			);
			defaultConfigurationIsVisible = 0;
			defaultConfigurationName = Release;
		};
/* End XCConfigurationList section */
	};
	rootObject = CFCBE6292059624A00714D2B /* Project object */;
}
